schema: '2.0'
stages:
  data_cleaning:
    cmd: python src/data/data_cleaning.py
    deps:
    - path: data/raw/India-Food-Delivery-Time-Prediction.txt
      hash: md5
      md5: 54e7d50bd406c613293a3569aac8fa78
      size: 31506349
    - path: src/data/data_cleaning.py
      hash: md5
      md5: 97719a0ae11ec5bc43fa880b31fad911
      size: 9617
    outs:
    - path: data/cleaned/Food-Delivery-Time-Prediction_cleaned.csv
      hash: md5
      md5: 8c70b3815b7addae56e2ccd83f01c59d
      size: 4606897
  data_preparation:
    cmd: python src/data/data_prepration.py
    deps:
    - path: data/cleaned/Food-Delivery-Time-Prediction_cleaned.csv
      hash: md5
      md5: 8c70b3815b7addae56e2ccd83f01c59d
      size: 4606897
    - path: src/data/data_prepration.py
      hash: md5
      md5: e7db125cfc91224567db5f91f3a18de9
      size: 3030
    params:
      params.yaml:
        Data_Preparation.random_state: 42
        Data_Preparation.test_size: 0.25
    outs:
    - path: data/interim/test.csv
      hash: md5
      md5: 4888272179bdd81587dcd64271928ee1
      size: 1150857
    - path: data/interim/train.csv
      hash: md5
      md5: 740a950d3d1c22be59059f546b246b81
      size: 3452578
