schema: '2.0'
stages:
  data_cleaning:
    cmd: python src/data/data_cleaning.py
    deps:
    - path: data/raw/India-Food-Delivery-Time-Prediction.txt
      hash: md5
      md5: 54e7d50bd406c613293a3569aac8fa78
      size: 31506349
    - path: src/data/data_cleaning.py
      hash: md5
      md5: 97719a0ae11ec5bc43fa880b31fad911
      size: 9617
    outs:
    - path: data/cleaned/Food-Delivery-Time-Prediction_cleaned.csv
      hash: md5
      md5: 8c70b3815b7addae56e2ccd83f01c59d
      size: 4606897
  data_preparation:
    cmd: python src/data/data_prepration.py
    deps:
    - path: data/cleaned/Food-Delivery-Time-Prediction_cleaned.csv
      hash: md5
      md5: 8c70b3815b7addae56e2ccd83f01c59d
      size: 4606897
    - path: src/data/data_prepration.py
      hash: md5
      md5: c40d1703e5329a0dbec68a75e0ee4a4b
      size: 3033
    params:
      params.yaml:
        Data_Preparation.random_state: 42
        Data_Preparation.test_size: 0.25
    outs:
    - path: data/interim/test.csv
      hash: md5
      md5: 4888272179bdd81587dcd64271928ee1
      size: 1150857
    - path: data/interim/train.csv
      hash: md5
      md5: 740a950d3d1c22be59059f546b246b81
      size: 3452578
  data_preprocessing:
    cmd: python src/features/data_preprocessing.py
    deps:
    - path: data/interim/test.csv
      hash: md5
      md5: 4888272179bdd81587dcd64271928ee1
      size: 1150857
    - path: data/interim/train.csv
      hash: md5
      md5: 740a950d3d1c22be59059f546b246b81
      size: 3452578
    - path: src/features/data_preprocessing.py
      hash: md5
      md5: edbf56ccc099fc917a4bc366aac0ea9d
      size: 7005
    outs:
    - path: data/processed/test_trans.csv
      hash: md5
      md5: 2da4245eefb1d69c17beea6daa6eb9f6
      size: 1511202
    - path: data/processed/train_trans.csv
      hash: md5
      md5: bd8ecfd758bd7327fd002eb9fb59f04c
      size: 4545062
    - path: models/preprocessor.joblib
      hash: md5
      md5: c8ceee7bebcae78bc9a3e21d9e3f76ce
      size: 7913
  train:
    cmd: python src/models/train_model.py
    deps:
    - path: data/processed/train_trans.csv
      hash: md5
      md5: bd8ecfd758bd7327fd002eb9fb59f04c
      size: 4545062
    - path: src/models/train_model.py
      hash: md5
      md5: b7b69ed8e77672b21bfffc93336aa161
      size: 4910
    params:
      params.yaml:
        Train.LightGBM:
          n_estimators: 154
          max_depth: 27
          learning_rate: 0.22234435854395157
          subsample: 0.7592213724048168
          min_child_weight: 20
          min_split_gain: 0.004604680609280751
          reg_lambda: 97.81002379097947
          n_jobs: -1
        Train.Random_Forest:
          n_estimators: 479
          criterion: squared_error
          max_depth: 17
          max_features: 1
          min_samples_split: 9
          min_samples_leaf: 2
          max_samples: 0.6603673526197066
          verbose: 1
          n_jobs: -1
    outs:
    - path: models/model.joblib
      hash: md5
      md5: 9b3b886ccbc0062d518ab7c3aa0895d2
      size: 144417352
    - path: models/power_transformer.joblib
      hash: md5
      md5: 2befa2403059767d939c31591395fdda
      size: 805
    - path: models/stacking_regressor.joblib
      hash: md5
      md5: f4083f602d4735c93f65ec99e9f218d3
      size: 144405786
  evaluation:
    cmd: python src/models/evaluation.py
    deps:
    - path: data/processed/test_trans.csv
      hash: md5
      md5: 2da4245eefb1d69c17beea6daa6eb9f6
      size: 1511202
    - path: data/processed/train_trans.csv
      hash: md5
      md5: bd8ecfd758bd7327fd002eb9fb59f04c
      size: 4545062
    - path: models/model.joblib
      hash: md5
      md5: 9b3b886ccbc0062d518ab7c3aa0895d2
      size: 144417352
    - path: src/models/evaluation.py
      hash: md5
      md5: 280e517e4b99201eace33d39cf1fe723
      size: 6381
    outs:
    - path: run_information.json
      hash: md5
      md5: 8bd23a514b881aa2c8e6ea579d3ef3ec
      size: 127
  register_model:
    cmd: python src/models/register_model.py
    deps:
    - path: run_information.json
      hash: md5
      md5: 8bd23a514b881aa2c8e6ea579d3ef3ec
      size: 127
    - path: src/models/register_model.py
      hash: md5
      md5: 3b5838eba6a62355b5dbb6fd474abdd8
      size: 2158
